
Microsoft Visual Studio Solution File, Format Version 12.00
# Visual Studio Version 16
VisualStudioVersion = 16.0.35130.168
MinimumVisualStudioVersion = 10.0.40219.1
Project("{F184B08F-C81C-45F6-A57F-5ABD9991F28F}") = "winforms-app", "winforms-app\winforms-app.vbproj", "{FA20EB31-500C-453F-97DF-58ACB76057C0}"
EndProject
Project("{F184B08F-C81C-45F6-A57F-5ABD9991F28F}") = "dominio", "dominio\dominio.vbproj", "{660D2F7F-DB58-45BE-8277-27C11E7275F3}"
EndProject
Project("{F184B08F-C81C-45F6-A57F-5ABD9991F28F}") = "lectura-datos", "lectura-datos\lectura-datos.vbproj", "{3A157C0D-A245-43EF-A722-0E4887D5CB6D}"
EndProject
Global
	GlobalSection(SolutionConfigurationPlatforms) = preSolution
		Debug|Any CPU = Debug|Any CPU
		Release|Any CPU = Release|Any CPU
	EndGlobalSection
	GlobalSection(ProjectConfigurationPlatforms) = postSolution
		{FA20EB31-500C-453F-97DF-58ACB76057C0}.Debug|Any CPU.ActiveCfg = Debug|Any CPU
		{FA20EB31-500C-453F-97DF-58ACB76057C0}.Debug|Any CPU.Build.0 = Debug|Any CPU
		{FA20EB31-500C-453F-97DF-58ACB76057C0}.Release|Any CPU.ActiveCfg = Release|Any CPU
		{FA20EB31-500C-453F-97DF-58ACB76057C0}.Release|Any CPU.Build.0 = Release|Any CPU
		{660D2F7F-DB58-45BE-8277-27C11E7275F3}.Debug|Any CPU.ActiveCfg = Debug|Any CPU
		{660D2F7F-DB58-45BE-8277-27C11E7275F3}.Debug|Any CPU.Build.0 = Debug|Any CPU
		{660D2F7F-DB58-45BE-8277-27C11E7275F3}.Release|Any CPU.ActiveCfg = Release|Any CPU
		{660D2F7F-DB58-45BE-8277-27C11E7275F3}.Release|Any CPU.Build.0 = Release|Any CPU
		{3A157C0D-A245-43EF-A722-0E4887D5CB6D}.Debug|Any CPU.ActiveCfg = Debug|Any CPU
		{3A157C0D-A245-43EF-A722-0E4887D5CB6D}.Debug|Any CPU.Build.0 = Debug|Any CPU
		{3A157C0D-A245-43EF-A722-0E4887D5CB6D}.Release|Any CPU.ActiveCfg = Release|Any CPU
		{3A157C0D-A245-43EF-A722-0E4887D5CB6D}.Release|Any CPU.Build.0 = Release|Any CPU
	EndGlobalSection
	GlobalSection(SolutionProperties) = preSolution
		HideSolutionNode = FALSE
	EndGlobalSection
	GlobalSection(ExtensibilityGlobals) = postSolution
		SolutionGuid = {543E8CBA-A1F7-442C-B5E9-965926180E74}
	EndGlobalSection
EndGlobal
